// !$*UTF8*$!
{
	archiveVersion = 1;
	classes = {
	};
	objectVersion = 77;
	objects = {

/* Begin PBXBuildFile section */
		17CBCF0C738FBD2BF4D8F617 /* FavoritesView.swift in Sources */ = {isa = PBXBuildFile; fileRef = 9B417025C8649D40BDD3D902 /* FavoritesView.swift */; };
		23DE42DDF42775F9685A7AD5 /* AnimalEntry.swift in Sources */ = {isa = PBXBuildFile; fileRef = 914907667885EF69C1D186FF /* AnimalEntry.swift */; };
		310B0FEDF30B4289EF79ECD6 /* FavoriteButton.swift in Sources */ = {isa = PBXBuildFile; fileRef = AE84A172E151838D94B521D1 /* FavoriteButton.swift */; };
		3251321BC829E761C188E4EF /* ContentView.swift in Sources */ = {isa = PBXBuildFile; fileRef = D074AFEB7C6BADC0CCCB2831 /* ContentView.swift */; };
		37380972E5F3BB92645743B1 /* list-of-animal-venery.json in Resources */ = {isa = PBXBuildFile; fileRef = 86A6563387C98ABACD419CEC /* list-of-animal-venery.json */; };
		3ABBC58A879E6B4D433CA6E8 /* AnimalIcon.swift in Sources */ = {isa = PBXBuildFile; fileRef = 2BD3A5C27BEF944B33061CAA /* AnimalIcon.swift */; };
		40A668987BB6A39CCF40BB0A /* VeneryApp.swift in Sources */ = {isa = PBXBuildFile; fileRef = B712AFED0E4921280723A636 /* VeneryApp.swift */; };
		593DF89A9D6C1AD9B32CB508 /* Assets.xcassets in Resources */ = {isa = PBXBuildFile; fileRef = 92028B4C3DF72C0E02E2F937 /* Assets.xcassets */; };
		6B71D55355B7B8D836A95AA2 /* FavoritesStore.swift in Sources */ = {isa = PBXBuildFile; fileRef = B2E5D72C8632339CCF8B9FF3 /* FavoritesStore.swift */; };
		6C81F7BE1901B465BE586B21 /* VeneryWidget.appex in Embed Foundation Extensions */ = {isa = PBXBuildFile; fileRef = 0939DB3CC82571286A770B62 /* VeneryWidget.appex */; settings = {ATTRIBUTES = (RemoveHeadersOnCopy, ); }; };
		71A1D0B0DA21EE1A71D59DCD /* AnimalEntry.swift in Sources */ = {isa = PBXBuildFile; fileRef = 914907667885EF69C1D186FF /* AnimalEntry.swift */; };
		734C38908AB4EF872D43CD2B /* VeneryWidget.swift in Sources */ = {isa = PBXBuildFile; fileRef = E6B596ADAFE7C5063480E471 /* VeneryWidget.swift */; };
		98FCBE0DDC0CEB83158BD4B9 /* AnimalIcon.swift in Sources */ = {isa = PBXBuildFile; fileRef = 2BD3A5C27BEF944B33061CAA /* AnimalIcon.swift */; };
		BF32517D4D53E45CB2D3B44E /* FavoritesStore.swift in Sources */ = {isa = PBXBuildFile; fileRef = B2E5D72C8632339CCF8B9FF3 /* FavoritesStore.swift */; };
		C0FDADC0886BD83EEBB2460F /* list-of-animal-venery.json in Resources */ = {isa = PBXBuildFile; fileRef = 3B645B3D37CB99DB8BC88020 /* list-of-animal-venery.json */; };
		C2DFBB278D0482E10D99A9BB /* AboutView.swift in Sources */ = {isa = PBXBuildFile; fileRef = 0056A3A853FC2DCE90AA02B1 /* AboutView.swift */; };
		E3B71C54A2CB64F9E8DA50CA /* BrowseView.swift in Sources */ = {isa = PBXBuildFile; fileRef = 874D2FE60237E1780E1F3C8E /* BrowseView.swift */; };
/* End PBXBuildFile section */

/* Begin PBXContainerItemProxy section */
		6414E55958F11ED1CA8333AD /* PBXContainerItemProxy */ = {
			isa = PBXContainerItemProxy;
			containerPortal = 732546CCD2C6A41CD08680CA /* Project object */;
			proxyType = 1;
			remoteGlobalIDString = 9C678A840E1BECD07F152A03;
			remoteInfo = VeneryWidget;
		};
/* End PBXContainerItemProxy section */

/* Begin PBXCopyFilesBuildPhase section */
		DC77F1793F833D5F2D7E6440 /* Embed Foundation Extensions */ = {
			isa = PBXCopyFilesBuildPhase;
			buildActionMask = 2147483647;
			dstPath = "";
			dstSubfolderSpec = 13;
			files = (
				6C81F7BE1901B465BE586B21 /* VeneryWidget.appex in Embed Foundation Extensions */,
			);
			name = "Embed Foundation Extensions";
			runOnlyForDeploymentPostprocessing = 0;
		};
/* End PBXCopyFilesBuildPhase section */

/* Begin PBXFileReference section */
		0056A3A853FC2DCE90AA02B1 /* AboutView.swift */ = {isa = PBXFileReference; lastKnownFileType = sourcecode.swift; path = AboutView.swift; sourceTree = "<group>"; };
		0939DB3CC82571286A770B62 /* VeneryWidget.appex */ = {isa = PBXFileReference; includeInIndex = 0; lastKnownFileType = "wrapper.app-extension"; path = VeneryWidget.appex; sourceTree = BUILT_PRODUCTS_DIR; };
		2BD3A5C27BEF944B33061CAA /* AnimalIcon.swift */ = {isa = PBXFileReference; lastKnownFileType = sourcecode.swift; path = AnimalIcon.swift; sourceTree = "<group>"; };
		3B645B3D37CB99DB8BC88020 /* list-of-animal-venery.json */ = {isa = PBXFileReference; lastKnownFileType = text.json; path = "list-of-animal-venery.json"; sourceTree = "<group>"; };
		3E32DAD04CFDAE567C545AF4 /* Info.plist */ = {isa = PBXFileReference; lastKnownFileType = text.plist; path = Info.plist; sourceTree = "<group>"; };
		86A6563387C98ABACD419CEC /* list-of-animal-venery.json */ = {isa = PBXFileReference; lastKnownFileType = text.json; path = "list-of-animal-venery.json"; sourceTree = "<group>"; };
		874D2FE60237E1780E1F3C8E /* BrowseView.swift */ = {isa = PBXFileReference; lastKnownFileType = sourcecode.swift; path = BrowseView.swift; sourceTree = "<group>"; };
		914907667885EF69C1D186FF /* AnimalEntry.swift */ = {isa = PBXFileReference; lastKnownFileType = sourcecode.swift; path = AnimalEntry.swift; sourceTree = "<group>"; };
		92028B4C3DF72C0E02E2F937 /* Assets.xcassets */ = {isa = PBXFileReference; lastKnownFileType = folder.assetcatalog; path = Assets.xcassets; sourceTree = "<group>"; };
		9B417025C8649D40BDD3D902 /* FavoritesView.swift */ = {isa = PBXFileReference; lastKnownFileType = sourcecode.swift; path = FavoritesView.swift; sourceTree = "<group>"; };
		AE84A172E151838D94B521D1 /* FavoriteButton.swift */ = {isa = PBXFileReference; lastKnownFileType = sourcecode.swift; path = FavoriteButton.swift; sourceTree = "<group>"; };
		B2E5D72C8632339CCF8B9FF3 /* FavoritesStore.swift */ = {isa = PBXFileReference; lastKnownFileType = sourcecode.swift; path = FavoritesStore.swift; sourceTree = "<group>"; };
		B712AFED0E4921280723A636 /* VeneryApp.swift */ = {isa = PBXFileReference; lastKnownFileType = sourcecode.swift; path = VeneryApp.swift; sourceTree = "<group>"; };
		D074AFEB7C6BADC0CCCB2831 /* ContentView.swift */ = {isa = PBXFileReference; lastKnownFileType = sourcecode.swift; path = ContentView.swift; sourceTree = "<group>"; };
		D9069497DEC760ED3189BEC8 /* Venery.app */ = {isa = PBXFileReference; includeInIndex = 0; lastKnownFileType = wrapper.application; path = Venery.app; sourceTree = BUILT_PRODUCTS_DIR; };
		E6B596ADAFE7C5063480E471 /* VeneryWidget.swift */ = {isa = PBXFileReference; lastKnownFileType = sourcecode.swift; path = VeneryWidget.swift; sourceTree = "<group>"; };
/* End PBXFileReference section */

/* Begin PBXGroup section */
		0D3E00E6FD3B556FB501C9A8 /* Views */ = {
			isa = PBXGroup;
			children = (
				0056A3A853FC2DCE90AA02B1 /* AboutView.swift */,
				2BD3A5C27BEF944B33061CAA /* AnimalIcon.swift */,
				874D2FE60237E1780E1F3C8E /* BrowseView.swift */,
				D074AFEB7C6BADC0CCCB2831 /* ContentView.swift */,
				AE84A172E151838D94B521D1 /* FavoriteButton.swift */,
				9B417025C8649D40BDD3D902 /* FavoritesView.swift */,
			);
			path = Views;
			sourceTree = "<group>";
		};
		30394C7DD79845834D326FFB /* VeneryWidget */ = {
			isa = PBXGroup;
			children = (
				3E32DAD04CFDAE567C545AF4 /* Info.plist */,
				E6B596ADAFE7C5063480E471 /* VeneryWidget.swift */,
				7B9E4303A557FAA47E17B5A5 /* Resources */,
			);
			path = VeneryWidget;
			sourceTree = "<group>";
		};
		3C5DE41325202B0481FADDF3 /* VeneryApp */ = {
			isa = PBXGroup;
			children = (
				B712AFED0E4921280723A636 /* VeneryApp.swift */,
				538F9DCFD15F17056EE5AA90 /* Models */,
				E2B23DE142CEC286E18B05F2 /* Resources */,
				0D3E00E6FD3B556FB501C9A8 /* Views */,
			);
			path = VeneryApp;
			sourceTree = "<group>";
		};
		538F9DCFD15F17056EE5AA90 /* Models */ = {
			isa = PBXGroup;
			children = (
				914907667885EF69C1D186FF /* AnimalEntry.swift */,
				B2E5D72C8632339CCF8B9FF3 /* FavoritesStore.swift */,
			);
			path = Models;
			sourceTree = "<group>";
		};
		7B9E4303A557FAA47E17B5A5 /* Resources */ = {
			isa = PBXGroup;
			children = (
				3B645B3D37CB99DB8BC88020 /* list-of-animal-venery.json */,
			);
			path = Resources;
			sourceTree = "<group>";
		};
		C6218BACA558BD7BA2A2A66D /* Products */ = {
			isa = PBXGroup;
			children = (
				D9069497DEC760ED3189BEC8 /* Venery.app */,
				0939DB3CC82571286A770B62 /* VeneryWidget.appex */,
			);
			name = Products;
			sourceTree = "<group>";
		};
		E2B23DE142CEC286E18B05F2 /* Resources */ = {
			isa = PBXGroup;
			children = (
				92028B4C3DF72C0E02E2F937 /* Assets.xcassets */,
				86A6563387C98ABACD419CEC /* list-of-animal-venery.json */,
			);
			path = Resources;
			sourceTree = "<group>";
		};
		EEEC515E2EB2B959FC4FF94E = {
			isa = PBXGroup;
			children = (
				3C5DE41325202B0481FADDF3 /* VeneryApp */,
				30394C7DD79845834D326FFB /* VeneryWidget */,
				C6218BACA558BD7BA2A2A66D /* Products */,
			);
			sourceTree = "<group>";
		};
/* End PBXGroup section */

/* Begin PBXNativeTarget section */
		4D3DC42D54D00AAD6F76DBAF /* Venery */ = {
			isa = PBXNativeTarget;
			buildConfigurationList = 4EF44190CC9F50105E9CA9FF /* Build configuration list for PBXNativeTarget "Venery" */;
			buildPhases = (
				5643ECD081F082356DC15C1E /* Sources */,
				6EC7CB1664C8417700F7F14E /* Resources */,
				DC77F1793F833D5F2D7E6440 /* Embed Foundation Extensions */,
			);
			buildRules = (
			);
			dependencies = (
				33317C1923AD4952F5DC8518 /* PBXTargetDependency */,
			);
			name = Venery;
			packageProductDependencies = (
			);
			productName = Venery;
			productReference = D9069497DEC760ED3189BEC8 /* Venery.app */;
			productType = "com.apple.product-type.application";
		};
		9C678A840E1BECD07F152A03 /* VeneryWidget */ = {
			isa = PBXNativeTarget;
			buildConfigurationList = 718CC51AA05A5195F05A9B84 /* Build configuration list for PBXNativeTarget "VeneryWidget" */;
			buildPhases = (
				EC7A6E83E70120A61535BD72 /* Sources */,
				54879DBEBA71242099BC8090 /* Resources */,
			);
			buildRules = (
			);
			dependencies = (
			);
			name = VeneryWidget;
			packageProductDependencies = (
			);
			productName = VeneryWidget;
			productReference = 0939DB3CC82571286A770B62 /* VeneryWidget.appex */;
			productType = "com.apple.product-type.app-extension";
		};
/* End PBXNativeTarget section */

/* Begin PBXProject section */
		732546CCD2C6A41CD08680CA /* Project object */ = {
			isa = PBXProject;
			attributes = {
				BuildIndependentTargetsInParallel = YES;
				LastUpgradeCheck = 1430;
				TargetAttributes = {
				};
			};
			buildConfigurationList = B95960A25D3C1F244D730BE1 /* Build configuration list for PBXProject "Venery" */;
			developmentRegion = en;
			hasScannedForEncodings = 0;
			knownRegions = (
				Base,
				en,
			);
			mainGroup = EEEC515E2EB2B959FC4FF94E;
			minimizedProjectReferenceProxies = 1;
			preferredProjectObjectVersion = 77;
			productRefGroup = C6218BACA558BD7BA2A2A66D /* Products */;
			projectDirPath = "";
			projectRoot = "";
			targets = (
				4D3DC42D54D00AAD6F76DBAF /* Venery */,
				9C678A840E1BECD07F152A03 /* VeneryWidget */,
			);
		};
/* End PBXProject section */

/* Begin PBXResourcesBuildPhase section */
		54879DBEBA71242099BC8090 /* Resources */ = {
			isa = PBXResourcesBuildPhase;
			buildActionMask = 2147483647;
			files = (
				C0FDADC0886BD83EEBB2460F /* list-of-animal-venery.json in Resources */,
			);
			runOnlyForDeploymentPostprocessing = 0;
		};
		6EC7CB1664C8417700F7F14E /* Resources */ = {
			isa = PBXResourcesBuildPhase;
			buildActionMask = 2147483647;
			files = (
				593DF89A9D6C1AD9B32CB508 /* Assets.xcassets in Resources */,
				37380972E5F3BB92645743B1 /* list-of-animal-venery.json in Resources */,
			);
			runOnlyForDeploymentPostprocessing = 0;
		};
/* End PBXResourcesBuildPhase section */

/* Begin PBXSourcesBuildPhase section */
		5643ECD081F082356DC15C1E /* Sources */ = {
			isa = PBXSourcesBuildPhase;
			buildActionMask = 2147483647;
			files = (
				C2DFBB278D0482E10D99A9BB /* AboutView.swift in Sources */,
				23DE42DDF42775F9685A7AD5 /* AnimalEntry.swift in Sources */,
				3ABBC58A879E6B4D433CA6E8 /* AnimalIcon.swift in Sources */,
				E3B71C54A2CB64F9E8DA50CA /* BrowseView.swift in Sources */,
				3251321BC829E761C188E4EF /* ContentView.swift in Sources */,
				310B0FEDF30B4289EF79ECD6 /* FavoriteButton.swift in Sources */,
				6B71D55355B7B8D836A95AA2 /* FavoritesStore.swift in Sources */,
				17CBCF0C738FBD2BF4D8F617 /* FavoritesView.swift in Sources */,
				40A668987BB6A39CCF40BB0A /* VeneryApp.swift in Sources */,
			);
			runOnlyForDeploymentPostprocessing = 0;
		};
		EC7A6E83E70120A61535BD72 /* Sources */ = {
			isa = PBXSourcesBuildPhase;
			buildActionMask = 2147483647;
			files = (
				71A1D0B0DA21EE1A71D59DCD /* AnimalEntry.swift in Sources */,
				98FCBE0DDC0CEB83158BD4B9 /* AnimalIcon.swift in Sources */,
				BF32517D4D53E45CB2D3B44E /* FavoritesStore.swift in Sources */,
				734C38908AB4EF872D43CD2B /* VeneryWidget.swift in Sources */,
			);
			runOnlyForDeploymentPostprocessing = 0;
		};
/* End PBXSourcesBuildPhase section */

/* Begin PBXTargetDependency section */
		33317C1923AD4952F5DC8518 /* PBXTargetDependency */ = {
			isa = PBXTargetDependency;
			target = 9C678A840E1BECD07F152A03 /* VeneryWidget */;
			targetProxy = 6414E55958F11ED1CA8333AD /* PBXContainerItemProxy */;
		};
/* End PBXTargetDependency section */

/* Begin XCBuildConfiguration section */
		41FC5A2A984E3589251D68FB /* Debug */ = {
			isa = XCBuildConfiguration;
			buildSettings = {
				ASSETCATALOG_COMPILER_APPICON_NAME = AppIcon;
				CODE_SIGN_IDENTITY = "iPhone Developer";
				GENERATE_INFOPLIST_FILE = YES;
				INFOPLIST_KEY_LSApplicationCategoryType = "public.app-category.education";
				INFOPLIST_KEY_UIApplicationSceneManifest_Generation = YES;
				INFOPLIST_KEY_UIApplicationSupportsIndirectInputEvents = YES;
				INFOPLIST_KEY_UILaunchScreen_Generation = YES;
				INFOPLIST_KEY_UISupportedInterfaceOrientations = "UIInterfaceOrientationPortrait UIInterfaceOrientationPortraitUpsideDown UIInterfaceOrientationLandscapeLeft UIInterfaceOrientationLandscapeRight";
				"INFOPLIST_KEY_UISupportedInterfaceOrientations~ipad" = "UIInterfaceOrientationPortrait UIInterfaceOrientationPortraitUpsideDown UIInterfaceOrientationLandscapeLeft UIInterfaceOrientationLandscapeRight";
				LD_RUNPATH_SEARCH_PATHS = (
					"$(inherited)",
					"@executable_path/Frameworks",
				);
				PRODUCT_BUNDLE_IDENTIFIER = com.jeremyjacob.Venery;
				SDKROOT = iphoneos;
				TARGETED_DEVICE_FAMILY = "1,2";
			};
			name = Debug;
		};
		6E510106D2AC534640EC5139 /* Release */ = {
			isa = XCBuildConfiguration;
			buildSettings = {
				ALWAYS_SEARCH_USER_PATHS = NO;
				CLANG_ANALYZER_NONNULL = YES;
				CLANG_ANALYZER_NUMBER_OBJECT_CONVERSION = YES_AGGRESSIVE;
				CLANG_CXX_LANGUAGE_STANDARD = "gnu++14";
				CLANG_CXX_LIBRARY = "libc++";
				CLANG_ENABLE_MODULES = YES;
				CLANG_ENABLE_OBJC_ARC = YES;
				CLANG_ENABLE_OBJC_WEAK = YES;
				CLANG_WARN_BLOCK_CAPTURE_AUTORELEASING = YES;
				CLANG_WARN_BOOL_CONVERSION = YES;
				CLANG_WARN_COMMA = YES;
				CLANG_WARN_CONSTANT_CONVERSION = YES;
				CLANG_WARN_DEPRECATED_OBJC_IMPLEMENTATIONS = YES;
				CLANG_WARN_DIRECT_OBJC_ISA_USAGE = YES_ERROR;
				CLANG_WARN_DOCUMENTATION_COMMENTS = YES;
				CLANG_WARN_EMPTY_BODY = YES;
				CLANG_WARN_ENUM_CONVERSION = YES;
				CLANG_WARN_INFINITE_RECURSION = YES;
				CLANG_WARN_INT_CONVERSION = YES;
				CLANG_WARN_NON_LITERAL_NULL_CONVERSION = YES;
				CLANG_WARN_OBJC_IMPLICIT_RETAIN_SELF = YES;
				CLANG_WARN_OBJC_LITERAL_CONVERSION = YES;
				CLANG_WARN_OBJC_ROOT_CLASS = YES_ERROR;
				CLANG_WARN_QUOTED_INCLUDE_IN_FRAMEWORK_HEADER = YES;
				CLANG_WARN_RANGE_LOOP_ANALYSIS = YES;
				CLANG_WARN_STRICT_PROTOTYPES = YES;
				CLANG_WARN_SUSPICIOUS_MOVE = YES;
				CLANG_WARN_UNGUARDED_AVAILABILITY = YES_AGGRESSIVE;
				CLANG_WARN_UNREACHABLE_CODE = YES;
				CLANG_WARN__DUPLICATE_METHOD_MATCH = YES;
				COPY_PHASE_STRIP = NO;
				CURRENT_PROJECT_VERSION = 1;
				DEBUG_INFORMATION_FORMAT = "dwarf-with-dsym";
				ENABLE_NS_ASSERTIONS = NO;
				ENABLE_STRICT_OBJC_MSGSEND = YES;
				GCC_C_LANGUAGE_STANDARD = gnu11;
				GCC_NO_COMMON_BLOCKS = YES;
				GCC_WARN_64_TO_32_BIT_CONVERSION = YES;
				GCC_WARN_ABOUT_RETURN_TYPE = YES_ERROR;
				GCC_WARN_UNDECLARED_SELECTOR = YES;
				GCC_WARN_UNINITIALIZED_AUTOS = YES_AGGRESSIVE;
				GCC_WARN_UNUSED_FUNCTION = YES;
				GCC_WARN_UNUSED_VARIABLE = YES;
				INFOPLIST_KEY_CFBundleDisplayName = Venery;
				IPHONEOS_DEPLOYMENT_TARGET = 17.0;
				MARKETING_VERSION = 1.0.0;
				MTL_ENABLE_DEBUG_INFO = NO;
				MTL_FAST_MATH = YES;
				PRODUCT_NAME = "$(TARGET_NAME)";
				SDKROOT = iphoneos;
				SWIFT_COMPILATION_MODE = wholemodule;
				SWIFT_OPTIMIZATION_LEVEL = "-O";
				SWIFT_VERSION = 5.0;
			};
			name = Release;
		};
		81568DF2C37B7764ED058B01 /* Debug */ = {
			isa = XCBuildConfiguration;
			buildSettings = {
				GENERATE_INFOPLIST_FILE = NO;
				INFOPLIST_FILE = VeneryWidget/Info.plist;
				LD_RUNPATH_SEARCH_PATHS = (
					"$(inherited)",
					"@executable_path/Frameworks",
					"@executable_path/../../Frameworks",
				);
				PRODUCT_BUNDLE_IDENTIFIER = com.jeremyjacob.Venery.widget;
				SDKROOT = iphoneos;
				TARGETED_DEVICE_FAMILY = "1,2";
			};
			name = Debug;
		};
		8AA1A6699AE377A069FBF70C /* Debug */ = {
			isa = XCBuildConfiguration;
			buildSettings = {
				ALWAYS_SEARCH_USER_PATHS = NO;
				CLANG_ANALYZER_NONNULL = YES;
				CLANG_ANALYZER_NUMBER_OBJECT_CONVERSION = YES_AGGRESSIVE;
				CLANG_CXX_LANGUAGE_STANDARD = "gnu++14";
				CLANG_CXX_LIBRARY = "libc++";
				CLANG_ENABLE_MODULES = YES;
				CLANG_ENABLE_OBJC_ARC = YES;
				CLANG_ENABLE_OBJC_WEAK = YES;
				CLANG_WARN_BLOCK_CAPTURE_AUTORELEASING = YES;
				CLANG_WARN_BOOL_CONVERSION = YES;
				CLANG_WARN_COMMA = YES;
				CLANG_WARN_CONSTANT_CONVERSION = YES;
				CLANG_WARN_DEPRECATED_OBJC_IMPLEMENTATIONS = YES;
				CLANG_WARN_DIRECT_OBJC_ISA_USAGE = YES_ERROR;
				CLANG_WARN_DOCUMENTATION_COMMENTS = YES;
				CLANG_WARN_EMPTY_BODY = YES;
				CLANG_WARN_ENUM_CONVERSION = YES;
				CLANG_WARN_INFINITE_RECURSION = YES;
				CLANG_WARN_INT_CONVERSION = YES;
				CLANG_WARN_NON_LITERAL_NULL_CONVERSION = YES;
				CLANG_WARN_OBJC_IMPLICIT_RETAIN_SELF = YES;
				CLANG_WARN_OBJC_LITERAL_CONVERSION = YES;
				CLANG_WARN_OBJC_ROOT_CLASS = YES_ERROR;
				CLANG_WARN_QUOTED_INCLUDE_IN_FRAMEWORK_HEADER = YES;
				CLANG_WARN_RANGE_LOOP_ANALYSIS = YES;
				CLANG_WARN_STRICT_PROTOTYPES = YES;
				CLANG_WARN_SUSPICIOUS_MOVE = YES;
				CLANG_WARN_UNGUARDED_AVAILABILITY = YES_AGGRESSIVE;
				CLANG_WARN_UNREACHABLE_CODE = YES;
				CLANG_WARN__DUPLICATE_METHOD_MATCH = YES;
				COPY_PHASE_STRIP = NO;
				CURRENT_PROJECT_VERSION = 1;
				DEBUG_INFORMATION_FORMAT = dwarf;
				ENABLE_STRICT_OBJC_MSGSEND = YES;
				ENABLE_TESTABILITY = YES;
				GCC_C_LANGUAGE_STANDARD = gnu11;
				GCC_DYNAMIC_NO_PIC = NO;
				GCC_NO_COMMON_BLOCKS = YES;
				GCC_OPTIMIZATION_LEVEL = 0;
				GCC_PREPROCESSOR_DEFINITIONS = (
					"$(inherited)",
					"DEBUG=1",
				);
				GCC_WARN_64_TO_32_BIT_CONVERSION = YES;
				GCC_WARN_ABOUT_RETURN_TYPE = YES_ERROR;
				GCC_WARN_UNDECLARED_SELECTOR = YES;
				GCC_WARN_UNINITIALIZED_AUTOS = YES_AGGRESSIVE;
				GCC_WARN_UNUSED_FUNCTION = YES;
				GCC_WARN_UNUSED_VARIABLE = YES;
				INFOPLIST_KEY_CFBundleDisplayName = Venery;
				IPHONEOS_DEPLOYMENT_TARGET = 17.0;
				MARKETING_VERSION = 1.0.0;
				MTL_ENABLE_DEBUG_INFO = INCLUDE_SOURCE;
				MTL_FAST_MATH = YES;
				ONLY_ACTIVE_ARCH = YES;
				PRODUCT_NAME = "$(TARGET_NAME)";
				SDKROOT = iphoneos;
				SWIFT_ACTIVE_COMPILATION_CONDITIONS = DEBUG;
				SWIFT_OPTIMIZATION_LEVEL = "-Onone";
				SWIFT_VERSION = 5.0;
			};
			name = Debug;
		};
		A32368DE64014B43297C2A5A /* Release */ = {
			isa = XCBuildConfiguration;
			buildSettings = {
				ASSETCATALOG_COMPILER_APPICON_NAME = AppIcon;
				CODE_SIGN_IDENTITY = "iPhone Developer";
				GENERATE_INFOPLIST_FILE = YES;
				INFOPLIST_KEY_LSApplicationCategoryType = "public.app-category.education";
				INFOPLIST_KEY_UIApplicationSceneManifest_Generation = YES;
				INFOPLIST_KEY_UIApplicationSupportsIndirectInputEvents = YES;
				INFOPLIST_KEY_UILaunchScreen_Generation = YES;
				INFOPLIST_KEY_UISupportedInterfaceOrientations = "UIInterfaceOrientationPortrait UIInterfaceOrientationPortraitUpsideDown UIInterfaceOrientationLandscapeLeft UIInterfaceOrientationLandscapeRight";
				"INFOPLIST_KEY_UISupportedInterfaceOrientations~ipad" = "UIInterfaceOrientationPortrait UIInterfaceOrientationPortraitUpsideDown UIInterfaceOrientationLandscapeLeft UIInterfaceOrientationLandscapeRight";
				LD_RUNPATH_SEARCH_PATHS = (
					"$(inherited)",
					"@executable_path/Frameworks",
				);
				PRODUCT_BUNDLE_IDENTIFIER = com.jeremyjacob.Venery;
				SDKROOT = iphoneos;
				TARGETED_DEVICE_FAMILY = "1,2";
			};
			name = Release;
		};
		E0BFD49A8BB6695DF7B01FF5 /* Release */ = {
			isa = XCBuildConfiguration;
			buildSettings = {
				GENERATE_INFOPLIST_FILE = NO;
				INFOPLIST_FILE = VeneryWidget/Info.plist;
				LD_RUNPATH_SEARCH_PATHS = (
					"$(inherited)",
					"@executable_path/Frameworks",
					"@executable_path/../../Frameworks",
				);
				PRODUCT_BUNDLE_IDENTIFIER = com.jeremyjacob.Venery.widget;
				SDKROOT = iphoneos;
				TARGETED_DEVICE_FAMILY = "1,2";
			};
			name = Release;
		};
/* End XCBuildConfiguration section */

/* Begin XCConfigurationList section */
		4EF44190CC9F50105E9CA9FF /* Build configuration list for PBXNativeTarget "Venery" */ = {
			isa = XCConfigurationList;
			buildConfigurations = (
				41FC5A2A984E3589251D68FB /* Debug */,
				A32368DE64014B43297C2A5A /* Release */,
			);
			defaultConfigurationIsVisible = 0;
			defaultConfigurationName = Debug;
		};
		718CC51AA05A5195F05A9B84 /* Build configuration list for PBXNativeTarget "VeneryWidget" */ = {
			isa = XCConfigurationList;
			buildConfigurations = (
				81568DF2C37B7764ED058B01 /* Debug */,
				E0BFD49A8BB6695DF7B01FF5 /* Release */,
			);
			defaultConfigurationIsVisible = 0;
			defaultConfigurationName = Debug;
		};
		B95960A25D3C1F244D730BE1 /* Build configuration list for PBXProject "Venery" */ = {
			isa = XCConfigurationList;
			buildConfigurations = (
				8AA1A6699AE377A069FBF70C /* Debug */,
				6E510106D2AC534640EC5139 /* Release */,
			);
			defaultConfigurationIsVisible = 0;
			defaultConfigurationName = Debug;
		};
/* End XCConfigurationList section */
	};
	rootObject = 732546CCD2C6A41CD08680CA /* Project object */;
}
